# THIS IS AN AUTOGENERATED FILE. DO NOT EDIT THIS FILE DIRECTLY.
# yarn lockfile v1


"@algolia/autocomplete-core@1.8.2":
  version "1.8.2"
  resolved "https://registry.yarnpkg.com/@algolia/autocomplete-core/-/autocomplete-core-1.8.2.tgz#8d758c8652742e2761450d2b615a841fca24e10e"
  integrity sha512-mTeshsyFhAqw/ebqNsQpMtbnjr+qVOSKXArEj4K0d7sqc8It1XD0gkASwecm9mF/jlOQ4Z9RNg1HbdA8JPdRwQ==
  dependencies:
    "@algolia/autocomplete-shared" "1.8.2"

"@algolia/autocomplete-preset-algolia@1.8.2":
  version "1.8.2"
  resolved "https://registry.yarnpkg.com/@algolia/autocomplete-preset-algolia/-/autocomplete-preset-algolia-1.8.2.tgz#706e87f94c5f198c0e90502b97af09adeeddcc79"
  integrity sha512-J0oTx4me6ZM9kIKPuL3lyU3aB8DEvpVvR6xWmHVROx5rOYJGQcZsdG4ozxwcOyiiu3qxMkIbzntnV1S1VWD8yA==
  dependencies:
    "@algolia/autocomplete-shared" "1.8.2"

"@algolia/autocomplete-shared@1.8.2":
  version "1.8.2"
  resolved "https://registry.yarnpkg.com/@algolia/autocomplete-shared/-/autocomplete-shared-1.8.2.tgz#e6972df5c6935a241f16e4909aa82902338e029d"
  integrity sha512-b6Z/X4MczChMcfhk6kfRmBzPgjoPzuS9KGR4AFsiLulLNRAAqhP+xZTKtMnZGhLuc61I20d5WqlId02AZvcO6g==

"@algolia/cache-browser-local-storage@4.17.0":
  version "4.17.0"
  resolved "https://registry.yarnpkg.com/@algolia/cache-browser-local-storage/-/cache-browser-local-storage-4.17.0.tgz#4c54a9b1795dcc1cd9f9533144f7df3057984d39"
  integrity sha512-myRSRZDIMYB8uCkO+lb40YKiYHi0fjpWRtJpR/dgkaiBlSD0plRyB6lLOh1XIfmMcSeBOqDE7y9m8xZMrXYfyQ==
  dependencies:
    "@algolia/cache-common" "4.17.0"

"@algolia/cache-common@4.17.0":
  version "4.17.0"
  resolved "https://registry.yarnpkg.com/@algolia/cache-common/-/cache-common-4.17.0.tgz#bc3da15548df585b44d76c55e66b0056a2b3f917"
  integrity sha512-g8mXzkrcUBIPZaulAuqE7xyHhLAYAcF2xSch7d9dABheybaU3U91LjBX6eJTEB7XVhEsgK4Smi27vWtAJRhIKQ==

"@algolia/cache-in-memory@4.17.0":
  version "4.17.0"
  resolved "https://registry.yarnpkg.com/@algolia/cache-in-memory/-/cache-in-memory-4.17.0.tgz#eb55a92cb8eb8641903a2b23fd6d05ebdaca2010"
  integrity sha512-PT32ciC/xI8z919d0oknWVu3kMfTlhQn3MKxDln3pkn+yA7F7xrxSALysxquv+MhFfNAcrtQ/oVvQVBAQSHtdw==
  dependencies:
    "@algolia/cache-common" "4.17.0"

"@algolia/client-account@4.17.0":
  version "4.17.0"
  resolved "https://registry.yarnpkg.com/@algolia/client-account/-/client-account-4.17.0.tgz#4b13e5a8e50a06be1f3289d9db337096ebc66b73"
  integrity sha512-sSEHx9GA6m7wrlsSMNBGfyzlIfDT2fkz2u7jqfCCd6JEEwmxt8emGmxAU/0qBfbhRSuGvzojoLJlr83BSZAKjA==
  dependencies:
    "@algolia/client-common" "4.17.0"
    "@algolia/client-search" "4.17.0"
    "@algolia/transporter" "4.17.0"

"@algolia/client-analytics@4.17.0":
  version "4.17.0"
  resolved "https://registry.yarnpkg.com/@algolia/client-analytics/-/client-analytics-4.17.0.tgz#1b36ffbe913b7b4d8900bc15982ca431f47a473c"
  integrity sha512-84ooP8QA3mQ958hQ9wozk7hFUbAO+81CX1CjAuerxBqjKIInh1fOhXKTaku05O/GHBvcfExpPLIQuSuLYziBXQ==
  dependencies:
    "@algolia/client-common" "4.17.0"
    "@algolia/client-search" "4.17.0"
    "@algolia/requester-common" "4.17.0"
    "@algolia/transporter" "4.17.0"

"@algolia/client-common@4.17.0":
  version "4.17.0"
  resolved "https://registry.yarnpkg.com/@algolia/client-common/-/client-common-4.17.0.tgz#67fd898006e3ac359ea3e3ed61abfc26147ffa53"
  integrity sha512-jHMks0ZFicf8nRDn6ma8DNNsdwGgP/NKiAAL9z6rS7CymJ7L0+QqTJl3rYxRW7TmBhsUH40wqzmrG6aMIN/DrQ==
  dependencies:
    "@algolia/requester-common" "4.17.0"
    "@algolia/transporter" "4.17.0"

"@algolia/client-personalization@4.17.0":
  version "4.17.0"
  resolved "https://registry.yarnpkg.com/@algolia/client-personalization/-/client-personalization-4.17.0.tgz#428d9f4762c22856b6062bb54351eb31834db6c1"
  integrity sha512-RMzN4dZLIta1YuwT7QC9o+OeGz2cU6eTOlGNE/6RcUBLOU3l9tkCOdln5dPE2jp8GZXPl2yk54b2nSs1+pAjqw==
  dependencies:
    "@algolia/client-common" "4.17.0"
    "@algolia/requester-common" "4.17.0"
    "@algolia/transporter" "4.17.0"

"@algolia/client-search@4.17.0":
  version "4.17.0"
  resolved "https://registry.yarnpkg.com/@algolia/client-search/-/client-search-4.17.0.tgz#0053c682f5f588e006c20791c27e8bcb0aa5b53c"
  integrity sha512-x4P2wKrrRIXszT8gb7eWsMHNNHAJs0wE7/uqbufm4tZenAp+hwU/hq5KVsY50v+PfwM0LcDwwn/1DroujsTFoA==
  dependencies:
    "@algolia/client-common" "4.17.0"
    "@algolia/requester-common" "4.17.0"
    "@algolia/transporter" "4.17.0"

"@algolia/logger-common@4.17.0":
  version "4.17.0"
  resolved "https://registry.yarnpkg.com/@algolia/logger-common/-/logger-common-4.17.0.tgz#0fcea39c9485554edb4cdbfd965c5748b0b837ac"
  integrity sha512-DGuoZqpTmIKJFDeyAJ7M8E/LOenIjWiOsg1XJ1OqAU/eofp49JfqXxbfgctlVZVmDABIyOz8LqEoJ6ZP4DTyvw==

"@algolia/logger-console@4.17.0":
  version "4.17.0"
  resolved "https://registry.yarnpkg.com/@algolia/logger-console/-/logger-console-4.17.0.tgz#8ac56ef4259c4fa3eb9eb6586c7b4b4ed942e8da"
  integrity sha512-zMPvugQV/gbXUvWBCzihw6m7oxIKp48w37QBIUu/XqQQfxhjoOE9xyfJr1KldUt5FrYOKZJVsJaEjTsu+bIgQg==
  dependencies:
    "@algolia/logger-common" "4.17.0"

"@algolia/requester-browser-xhr@4.17.0":
  version "4.17.0"
  resolved "https://registry.yarnpkg.com/@algolia/requester-browser-xhr/-/requester-browser-xhr-4.17.0.tgz#f52fdeeac2f3c531f00838920af33a73066a159b"
  integrity sha512-aSOX/smauyTkP21Pf52pJ1O2LmNFJ5iHRIzEeTh0mwBeADO4GdG94cAWDILFA9rNblq/nK3EDh3+UyHHjplZ1A==
  dependencies:
    "@algolia/requester-common" "4.17.0"

"@algolia/requester-common@4.17.0":
  version "4.17.0"
  resolved "https://registry.yarnpkg.com/@algolia/requester-common/-/requester-common-4.17.0.tgz#746020d2cbc829213e7cede8eef2182c7a71e32b"
  integrity sha512-XJjmWFEUlHu0ijvcHBoixuXfEoiRUdyzQM6YwTuB8usJNIgShua8ouFlRWF8iCeag0vZZiUm4S2WCVBPkdxFgg==

"@algolia/requester-node-http@4.17.0":
  version "4.17.0"
  resolved "https://registry.yarnpkg.com/@algolia/requester-node-http/-/requester-node-http-4.17.0.tgz#262276d94c25a4ec2128b1bdfb9471529528d8b9"
  integrity sha512-bpb/wDA1aC6WxxM8v7TsFspB7yBN3nqCGs2H1OADolQR/hiAIjAxusbuMxVbRFOdaUvAIqioIIkWvZdpYNIn8w==
  dependencies:
    "@algolia/requester-common" "4.17.0"

"@algolia/transporter@4.17.0":
  version "4.17.0"
  resolved "https://registry.yarnpkg.com/@algolia/transporter/-/transporter-4.17.0.tgz#6aabdbc20c475d72d83c8e6519f1191f1a51fb37"
  integrity sha512-6xL6H6fe+Fi0AEP3ziSgC+G04RK37iRb4uUUqVAH9WPYFI8g+LYFq6iv5HS8Cbuc5TTut+Bwj6G+dh/asdb9uA==
  dependencies:
    "@algolia/cache-common" "4.17.0"
    "@algolia/logger-common" "4.17.0"
    "@algolia/requester-common" "4.17.0"

"@babel/parser@^7.16.4":
  version "7.21.8"
  resolved "https://registry.yarnpkg.com/@babel/parser/-/parser-7.21.8.tgz#642af7d0333eab9c0ad70b14ac5e76dbde7bfdf8"
  integrity sha512-6zavDGdzG3gUqAdWvlLFfk+36RilI+Pwyuuh7HItyeScCWP3k6i8vKclAQ0bM/0y/Kz/xiwvxhMv9MgTJP5gmA==

"@docsearch/css@3.3.4", "@docsearch/css@^3.3.4":
  version "3.3.4"
  resolved "https://registry.yarnpkg.com/@docsearch/css/-/css-3.3.4.tgz#533719eac0aa3934318074e7e981e633727ad2fd"
  integrity sha512-vDwCDoVXDgopw/hvr0zEADew2wWaGP8Qq0Bxhgii1Ewz2t4fQeyJwIRN/mWADeLFYPVkpz8TpEbxya/i6Tm0WA==

"@docsearch/js@^3.3.4":
  version "3.3.4"
  resolved "https://registry.yarnpkg.com/@docsearch/js/-/js-3.3.4.tgz#9ac4192f55535904a4c4235ee936ef11a109461c"
  integrity sha512-Xd2saBziXJ1UuVpcDz94zAFEFAM6ap993agh0za2e3LDZLhaW993b1f9gyUL4e1CZLsR076tztG2un2gVncvpA==
  dependencies:
    "@docsearch/react" "3.3.4"
    preact "^10.0.0"

"@docsearch/react@3.3.4":
  version "3.3.4"
  resolved "https://registry.yarnpkg.com/@docsearch/react/-/react-3.3.4.tgz#d49cf9e5d939145c9fe688113c5bdf41975d8ae7"
  integrity sha512-aeOf1WC5zMzBEi2SI6WWznOmIo9rnpN4p7a3zHXxowVciqlI4HsZGtOR9nFOufLeolv7HibwLlaM0oyUqJxasw==
  dependencies:
    "@algolia/autocomplete-core" "1.8.2"
    "@algolia/autocomplete-preset-algolia" "1.8.2"
    "@docsearch/css" "3.3.4"
    algoliasearch "^4.0.0"

"@esbuild/android-arm64@0.17.18":
  version "0.17.18"
  resolved "https://registry.yarnpkg.com/@esbuild/android-arm64/-/android-arm64-0.17.18.tgz#4aa8d8afcffb4458736ca9b32baa97d7cb5861ea"
  integrity sha512-/iq0aK0eeHgSC3z55ucMAHO05OIqmQehiGay8eP5l/5l+iEr4EIbh4/MI8xD9qRFjqzgkc0JkX0LculNC9mXBw==

"@esbuild/android-arm@0.17.18":
  version "0.17.18"
  resolved "https://registry.yarnpkg.com/@esbuild/android-arm/-/android-arm-0.17.18.tgz#74a7e95af4ee212ebc9db9baa87c06a594f2a427"
  integrity sha512-EmwL+vUBZJ7mhFCs5lA4ZimpUH3WMAoqvOIYhVQwdIgSpHC8ImHdsRyhHAVxpDYUSm0lWvd63z0XH1IlImS2Qw==

"@esbuild/android-x64@0.17.18":
  version "0.17.18"
  resolved "https://registry.yarnpkg.com/@esbuild/android-x64/-/android-x64-0.17.18.tgz#1dcd13f201997c9fe0b204189d3a0da4eb4eb9b6"
  integrity sha512-x+0efYNBF3NPW2Xc5bFOSFW7tTXdAcpfEg2nXmxegm4mJuVeS+i109m/7HMiOQ6M12aVGGFlqJX3RhNdYM2lWg==

"@esbuild/darwin-arm64@0.17.18":
  version "0.17.18"
  resolved "https://registry.yarnpkg.com/@esbuild/darwin-arm64/-/darwin-arm64-0.17.18.tgz#444f3b961d4da7a89eb9bd35cfa4415141537c2a"
  integrity sha512-6tY+djEAdF48M1ONWnQb1C+6LiXrKjmqjzPNPWXhu/GzOHTHX2nh8Mo2ZAmBFg0kIodHhciEgUBtcYCAIjGbjQ==

"@esbuild/darwin-x64@0.17.18":
  version "0.17.18"
  resolved "https://registry.yarnpkg.com/@esbuild/darwin-x64/-/darwin-x64-0.17.18.tgz#a6da308d0ac8a498c54d62e0b2bfb7119b22d315"
  integrity sha512-Qq84ykvLvya3dO49wVC9FFCNUfSrQJLbxhoQk/TE1r6MjHo3sFF2tlJCwMjhkBVq3/ahUisj7+EpRSz0/+8+9A==

"@esbuild/freebsd-arm64@0.17.18":
  version "0.17.18"
  resolved "https://registry.yarnpkg.com/@esbuild/freebsd-arm64/-/freebsd-arm64-0.17.18.tgz#b83122bb468889399d0d63475d5aea8d6829c2c2"
  integrity sha512-fw/ZfxfAzuHfaQeMDhbzxp9mc+mHn1Y94VDHFHjGvt2Uxl10mT4CDavHm+/L9KG441t1QdABqkVYwakMUeyLRA==

"@esbuild/freebsd-x64@0.17.18":
  version "0.17.18"
  resolved "https://registry.yarnpkg.com/@esbuild/freebsd-x64/-/freebsd-x64-0.17.18.tgz#af59e0e03fcf7f221b34d4c5ab14094862c9c864"
  integrity sha512-FQFbRtTaEi8ZBi/A6kxOC0V0E9B/97vPdYjY9NdawyLd4Qk5VD5g2pbWN2VR1c0xhzcJm74HWpObPszWC+qTew==

"@esbuild/linux-arm64@0.17.18":
  version "0.17.18"
  resolved "https://registry.yarnpkg.com/@esbuild/linux-arm64/-/linux-arm64-0.17.18.tgz#8551d72ba540c5bce4bab274a81c14ed01eafdcf"
  integrity sha512-R7pZvQZFOY2sxUG8P6A21eq6q+eBv7JPQYIybHVf1XkQYC+lT7nDBdC7wWKTrbvMXKRaGudp/dzZCwL/863mZQ==

"@esbuild/linux-arm@0.17.18":
  version "0.17.18"
  resolved "https://registry.yarnpkg.com/@esbuild/linux-arm/-/linux-arm-0.17.18.tgz#e09e76e526df4f665d4d2720d28ff87d15cdf639"
  integrity sha512-jW+UCM40LzHcouIaqv3e/oRs0JM76JfhHjCavPxMUti7VAPh8CaGSlS7cmyrdpzSk7A+8f0hiedHqr/LMnfijg==

"@esbuild/linux-ia32@0.17.18":
  version "0.17.18"
  resolved "https://registry.yarnpkg.com/@esbuild/linux-ia32/-/linux-ia32-0.17.18.tgz#47878860ce4fe73a36fd8627f5647bcbbef38ba4"
  integrity sha512-ygIMc3I7wxgXIxk6j3V00VlABIjq260i967Cp9BNAk5pOOpIXmd1RFQJQX9Io7KRsthDrQYrtcx7QCof4o3ZoQ==

"@esbuild/linux-loong64@0.17.18":
  version "0.17.18"
  resolved "https://registry.yarnpkg.com/@esbuild/linux-loong64/-/linux-loong64-0.17.18.tgz#3f8fbf5267556fc387d20b2e708ce115de5c967a"
  integrity sha512-bvPG+MyFs5ZlwYclCG1D744oHk1Pv7j8psF5TfYx7otCVmcJsEXgFEhQkbhNW8otDHL1a2KDINW20cfCgnzgMQ==

"@esbuild/linux-mips64el@0.17.18":
  version "0.17.18"
  resolved "https://registry.yarnpkg.com/@esbuild/linux-mips64el/-/linux-mips64el-0.17.18.tgz#9d896d8f3c75f6c226cbeb840127462e37738226"
  integrity sha512-oVqckATOAGuiUOa6wr8TXaVPSa+6IwVJrGidmNZS1cZVx0HqkTMkqFGD2HIx9H1RvOwFeWYdaYbdY6B89KUMxA==

"@esbuild/linux-ppc64@0.17.18":
  version "0.17.18"
  resolved "https://registry.yarnpkg.com/@esbuild/linux-ppc64/-/linux-ppc64-0.17.18.tgz#3d9deb60b2d32c9985bdc3e3be090d30b7472783"
  integrity sha512-3dLlQO+b/LnQNxgH4l9rqa2/IwRJVN9u/bK63FhOPB4xqiRqlQAU0qDU3JJuf0BmaH0yytTBdoSBHrb2jqc5qQ==

"@esbuild/linux-riscv64@0.17.18":
  version "0.17.18"
  resolved "https://registry.yarnpkg.com/@esbuild/linux-riscv64/-/linux-riscv64-0.17.18.tgz#8a943cf13fd24ff7ed58aefb940ef178f93386bc"
  integrity sha512-/x7leOyDPjZV3TcsdfrSI107zItVnsX1q2nho7hbbQoKnmoeUWjs+08rKKt4AUXju7+3aRZSsKrJtaRmsdL1xA==

"@esbuild/linux-s390x@0.17.18":
  version "0.17.18"
  resolved "https://registry.yarnpkg.com/@esbuild/linux-s390x/-/linux-s390x-0.17.18.tgz#66cb01f4a06423e5496facabdce4f7cae7cb80e5"
  integrity sha512-cX0I8Q9xQkL/6F5zWdYmVf5JSQt+ZfZD2bJudZrWD+4mnUvoZ3TDDXtDX2mUaq6upMFv9FlfIh4Gfun0tbGzuw==

"@esbuild/linux-x64@0.17.18":
  version "0.17.18"
  resolved "https://registry.yarnpkg.com/@esbuild/linux-x64/-/linux-x64-0.17.18.tgz#23c26050c6c5d1359c7b774823adc32b3883b6c9"
  integrity sha512-66RmRsPlYy4jFl0vG80GcNRdirx4nVWAzJmXkevgphP1qf4dsLQCpSKGM3DUQCojwU1hnepI63gNZdrr02wHUA==

"@esbuild/netbsd-x64@0.17.18":
  version "0.17.18"
  resolved "https://registry.yarnpkg.com/@esbuild/netbsd-x64/-/netbsd-x64-0.17.18.tgz#789a203d3115a52633ff6504f8cbf757f15e703b"
  integrity sha512-95IRY7mI2yrkLlTLb1gpDxdC5WLC5mZDi+kA9dmM5XAGxCME0F8i4bYH4jZreaJ6lIZ0B8hTrweqG1fUyW7jbg==

"@esbuild/openbsd-x64@0.17.18":
  version "0.17.18"
  resolved "https://registry.yarnpkg.com/@esbuild/openbsd-x64/-/openbsd-x64-0.17.18.tgz#d7b998a30878f8da40617a10af423f56f12a5e90"
  integrity sha512-WevVOgcng+8hSZ4Q3BKL3n1xTv5H6Nb53cBrtzzEjDbbnOmucEVcZeGCsCOi9bAOcDYEeBZbD2SJNBxlfP3qiA==

"@esbuild/sunos-x64@0.17.18":
  version "0.17.18"
  resolved "https://registry.yarnpkg.com/@esbuild/sunos-x64/-/sunos-x64-0.17.18.tgz#ecad0736aa7dae07901ba273db9ef3d3e93df31f"
  integrity sha512-Rzf4QfQagnwhQXVBS3BYUlxmEbcV7MY+BH5vfDZekU5eYpcffHSyjU8T0xucKVuOcdCsMo+Ur5wmgQJH2GfNrg==

"@esbuild/win32-arm64@0.17.18":
  version "0.17.18"
  resolved "https://registry.yarnpkg.com/@esbuild/win32-arm64/-/win32-arm64-0.17.18.tgz#58dfc177da30acf956252d7c8ae9e54e424887c4"
  integrity sha512-Kb3Ko/KKaWhjeAm2YoT/cNZaHaD1Yk/pa3FTsmqo9uFh1D1Rfco7BBLIPdDOozrObj2sahslFuAQGvWbgWldAg==

"@esbuild/win32-ia32@0.17.18":
  version "0.17.18"
  resolved "https://registry.yarnpkg.com/@esbuild/win32-ia32/-/win32-ia32-0.17.18.tgz#340f6163172b5272b5ae60ec12c312485f69232b"
  integrity sha512-0/xUMIdkVHwkvxfbd5+lfG7mHOf2FRrxNbPiKWg9C4fFrB8H0guClmaM3BFiRUYrznVoyxTIyC/Ou2B7QQSwmw==

"@esbuild/win32-x64@0.17.18":
  version "0.17.18"
  resolved "https://registry.yarnpkg.com/@esbuild/win32-x64/-/win32-x64-0.17.18.tgz#3a8e57153905308db357fd02f57c180ee3a0a1fa"
  integrity sha512-qU25Ma1I3NqTSHJUOKi9sAH1/Mzuvlke0ioMJRthLXKm7JiSKVwFghlGbDLOO2sARECGhja4xYfRAZNPAkooYg==

"@types/web-bluetooth@^0.0.17":
  version "0.0.17"
  resolved "https://registry.yarnpkg.com/@types/web-bluetooth/-/web-bluetooth-0.0.17.tgz#5c9f3c617f64a9735d7b72a7cc671e166d900c40"
  integrity sha512-4p9vcSmxAayx72yn70joFoL44c9MO/0+iVEBIQXe3v2h2SiAsEIo/G5v6ObFWvNKRFjbrVadNf9LqEEZeQPzdA==

"@vitejs/plugin-vue@^4.2.1":
  version "4.2.1"
  resolved "https://registry.yarnpkg.com/@vitejs/plugin-vue/-/plugin-vue-4.2.1.tgz#c3ccce9956e8cdca946f465188777e4e3e488f6a"
  integrity sha512-ZTZjzo7bmxTRTkb8GSTwkPOYDIP7pwuyV+RV53c9PYUouwcbkIZIvWvNWlX2b1dYZqtOv7D6iUAnJLVNGcLrSw==

"@vue/compiler-core@3.2.47":
  version "3.2.47"
  resolved "https://registry.yarnpkg.com/@vue/compiler-core/-/compiler-core-3.2.47.tgz#3e07c684d74897ac9aa5922c520741f3029267f8"
  integrity sha512-p4D7FDnQb7+YJmO2iPEv0SQNeNzcbHdGByJDsT4lynf63AFkOTFN07HsiRSvjGo0QrxR/o3d0hUyNCUnBU2Tig==
  dependencies:
    "@babel/parser" "^7.16.4"
    "@vue/shared" "3.2.47"
    estree-walker "^2.0.2"
    source-map "^0.6.1"

"@vue/compiler-dom@3.2.47":
  version "3.2.47"
  resolved "https://registry.yarnpkg.com/@vue/compiler-dom/-/compiler-dom-3.2.47.tgz#a0b06caf7ef7056939e563dcaa9cbde30794f305"
  integrity sha512-dBBnEHEPoftUiS03a4ggEig74J2YBZ2UIeyfpcRM2tavgMWo4bsEfgCGsu+uJIL/vax9S+JztH8NmQerUo7shQ==
  dependencies:
    "@vue/compiler-core" "3.2.47"
    "@vue/shared" "3.2.47"

"@vue/compiler-sfc@3.2.47":
  version "3.2.47"
  resolved "https://registry.yarnpkg.com/@vue/compiler-sfc/-/compiler-sfc-3.2.47.tgz#1bdc36f6cdc1643f72e2c397eb1a398f5004ad3d"
  integrity sha512-rog05W+2IFfxjMcFw10tM9+f7i/+FFpZJJ5XHX72NP9eC2uRD+42M3pYcQqDXVYoj74kHMSEdQ/WmCjt8JFksQ==
  dependencies:
    "@babel/parser" "^7.16.4"
    "@vue/compiler-core" "3.2.47"
    "@vue/compiler-dom" "3.2.47"
    "@vue/compiler-ssr" "3.2.47"
    "@vue/reactivity-transform" "3.2.47"
    "@vue/shared" "3.2.47"
    estree-walker "^2.0.2"
    magic-string "^0.25.7"
    postcss "^8.1.10"
    source-map "^0.6.1"

"@vue/compiler-ssr@3.2.47":
  version "3.2.47"
  resolved "https://registry.yarnpkg.com/@vue/compiler-ssr/-/compiler-ssr-3.2.47.tgz#35872c01a273aac4d6070ab9d8da918ab13057ee"
  integrity sha512-wVXC+gszhulcMD8wpxMsqSOpvDZ6xKXSVWkf50Guf/S+28hTAXPDYRTbLQ3EDkOP5Xz/+SY37YiwDquKbJOgZw==
  dependencies:
    "@vue/compiler-dom" "3.2.47"
    "@vue/shared" "3.2.47"

"@vue/devtools-api@^6.5.0":
  version "6.5.0"
  resolved "https://registry.yarnpkg.com/@vue/devtools-api/-/devtools-api-6.5.0.tgz#98b99425edee70b4c992692628fa1ea2c1e57d07"
  integrity sha512-o9KfBeaBmCKl10usN4crU53fYtC1r7jJwdGKjPT24t348rHxgfpZ0xL3Xm/gLUYnc0oTp8LAmrxOeLyu6tbk2Q==

"@vue/reactivity-transform@3.2.47":
  version "3.2.47"
  resolved "https://registry.yarnpkg.com/@vue/reactivity-transform/-/reactivity-transform-3.2.47.tgz#e45df4d06370f8abf29081a16afd25cffba6d84e"
  integrity sha512-m8lGXw8rdnPVVIdIFhf0LeQ/ixyHkH5plYuS83yop5n7ggVJU+z5v0zecwEnX7fa7HNLBhh2qngJJkxpwEEmYA==
  dependencies:
    "@babel/parser" "^7.16.4"
    "@vue/compiler-core" "3.2.47"
    "@vue/shared" "3.2.47"
    estree-walker "^2.0.2"
    magic-string "^0.25.7"

"@vue/reactivity@3.2.47":
  version "3.2.47"
  resolved "https://registry.yarnpkg.com/@vue/reactivity/-/reactivity-3.2.47.tgz#1d6399074eadfc3ed35c727e2fd707d6881140b6"
  integrity sha512-7khqQ/75oyyg+N/e+iwV6lpy1f5wq759NdlS1fpAhFXa8VeAIKGgk2E/C4VF59lx5b+Ezs5fpp/5WsRYXQiKxQ==
  dependencies:
    "@vue/shared" "3.2.47"

"@vue/runtime-core@3.2.47":
  version "3.2.47"
  resolved "https://registry.yarnpkg.com/@vue/runtime-core/-/runtime-core-3.2.47.tgz#406ebade3d5551c00fc6409bbc1eeb10f32e121d"
  integrity sha512-RZxbLQIRB/K0ev0K9FXhNbBzT32H9iRtYbaXb0ZIz2usLms/D55dJR2t6cIEUn6vyhS3ALNvNthI+Q95C+NOpA==
  dependencies:
    "@vue/reactivity" "3.2.47"
    "@vue/shared" "3.2.47"

"@vue/runtime-dom@3.2.47":
  version "3.2.47"
  resolved "https://registry.yarnpkg.com/@vue/runtime-dom/-/runtime-dom-3.2.47.tgz#93e760eeaeab84dedfb7c3eaf3ed58d776299382"
  integrity sha512-ArXrFTjS6TsDei4qwNvgrdmHtD930KgSKGhS5M+j8QxXrDJYLqYw4RRcDy1bz1m1wMmb6j+zGLifdVHtkXA7gA==
  dependencies:
    "@vue/runtime-core" "3.2.47"
    "@vue/shared" "3.2.47"
    csstype "^2.6.8"

"@vue/server-renderer@3.2.47":
  version "3.2.47"
  resolved "https://registry.yarnpkg.com/@vue/server-renderer/-/server-renderer-3.2.47.tgz#8aa1d1871fc4eb5a7851aa7f741f8f700e6de3c0"
  integrity sha512-dN9gc1i8EvmP9RCzvneONXsKfBRgqFeFZLurmHOveL7oH6HiFXJw5OGu294n1nHc/HMgTy6LulU/tv5/A7f/LA==
  dependencies:
    "@vue/compiler-ssr" "3.2.47"
    "@vue/shared" "3.2.47"

"@vue/shared@3.2.47":
  version "3.2.47"
  resolved "https://registry.yarnpkg.com/@vue/shared/-/shared-3.2.47.tgz#e597ef75086c6e896ff5478a6bfc0a7aa4bbd14c"
  integrity sha512-BHGyyGN3Q97EZx0taMQ+OLNuZcW3d37ZEVmEAyeoA9ERdGvm9Irc/0Fua8SNyOtV1w6BS4q25wbMzJujO9HIfQ==

"@vueuse/core@^10.1.0":
  version "10.1.2"
  resolved "https://registry.yarnpkg.com/@vueuse/core/-/core-10.1.2.tgz#2499eadec36c5d7109338e3a2b73725040ae8011"
  integrity sha512-roNn8WuerI56A5uiTyF/TEYX0Y+VKlhZAF94unUfdhbDUI+NfwQMn4FUnUscIRUhv3344qvAghopU4bzLPNFlA==
  dependencies:
    "@types/web-bluetooth" "^0.0.17"
    "@vueuse/metadata" "10.1.2"
    "@vueuse/shared" "10.1.2"
    vue-demi ">=0.14.0"

"@vueuse/metadata@10.1.2":
  version "10.1.2"
  resolved "https://registry.yarnpkg.com/@vueuse/metadata/-/metadata-10.1.2.tgz#d8ffe557b1042efd03a0aa88540a00c25d193ee3"
  integrity sha512-3mc5BqN9aU2SqBeBuWE7ne4OtXHoHKggNgxZR2K+zIW4YLsy6xoZ4/9vErQs6tvoKDX6QAqm3lvsrv0mczAwIQ==

"@vueuse/shared@10.1.2":
  version "10.1.2"
  resolved "https://registry.yarnpkg.com/@vueuse/shared/-/shared-10.1.2.tgz#31d8733a217a6396eb67706319133bf62cdd8baa"
  integrity sha512-1uoUTPBlgyscK9v6ScGeVYDDzlPSFXBlxuK7SfrDGyUTBiznb3mNceqhwvZHjtDRELZEN79V5uWPTF1VDV8svA==
  dependencies:
    vue-demi ">=0.14.0"

algoliasearch@^4.0.0:
  version "4.17.0"
  resolved "https://registry.yarnpkg.com/algoliasearch/-/algoliasearch-4.17.0.tgz#46ed58b2b99509d041f11cd1ea83623edf84355f"
  integrity sha512-JMRh2Mw6sEnVMiz6+APsi7lx9a2jiDFF+WUtANaUVCv6uSU9UOLdo5h9K3pdP6frRRybaM2fX8b1u0nqICS9aA==
  dependencies:
    "@algolia/cache-browser-local-storage" "4.17.0"
    "@algolia/cache-common" "4.17.0"
    "@algolia/cache-in-memory" "4.17.0"
    "@algolia/client-account" "4.17.0"
    "@algolia/client-analytics" "4.17.0"
    "@algolia/client-common" "4.17.0"
    "@algolia/client-personalization" "4.17.0"
    "@algolia/client-search" "4.17.0"
    "@algolia/logger-common" "4.17.0"
    "@algolia/logger-console" "4.17.0"
    "@algolia/requester-browser-xhr" "4.17.0"
    "@algolia/requester-common" "4.17.0"
    "@algolia/requester-node-http" "4.17.0"
    "@algolia/transporter" "4.17.0"

ansi-sequence-parser@^1.1.0:
  version "1.1.0"
  resolved "https://registry.yarnpkg.com/ansi-sequence-parser/-/ansi-sequence-parser-1.1.0.tgz#4d790f31236ac20366b23b3916b789e1bde39aed"
  integrity sha512-lEm8mt52to2fT8GhciPCGeCXACSz2UwIN4X2e2LJSnZ5uAbn2/dsYdOmUXq0AtWS5cpAupysIneExOgH0Vd2TQ==

body-scroll-lock@4.0.0-beta.0:
  version "4.0.0-beta.0"
  resolved "https://registry.yarnpkg.com/body-scroll-lock/-/body-scroll-lock-4.0.0-beta.0.tgz#4f78789d10e6388115c0460cd6d7d4dd2bbc4f7e"
  integrity sha512-a7tP5+0Mw3YlUJcGAKUqIBkYYGlYxk2fnCasq/FUph1hadxlTRjF+gAcZksxANnaMnALjxEddmSi/H3OR8ugcQ==

csstype@^2.6.8:
  version "2.6.21"
  resolved "https://registry.yarnpkg.com/csstype/-/csstype-2.6.21.tgz#2efb85b7cc55c80017c66a5ad7cbd931fda3a90e"
  integrity sha512-Z1PhmomIfypOpoMjRQB70jfvy/wxT50qW08YXO5lMIJkrdq4yOTR+AW7FqutScmB9NkLwxo+jU+kZLbofZZq/w==

esbuild@^0.17.5:
  version "0.17.18"
  resolved "https://registry.yarnpkg.com/esbuild/-/esbuild-0.17.18.tgz#f4f8eb6d77384d68cd71c53eb6601c7efe05e746"
  integrity sha512-z1lix43jBs6UKjcZVKOw2xx69ffE2aG0PygLL5qJ9OS/gy0Ewd1gW/PUQIOIQGXBHWNywSc0floSKoMFF8aK2w==
  optionalDependencies:
    "@esbuild/android-arm" "0.17.18"
    "@esbuild/android-arm64" "0.17.18"
    "@esbuild/android-x64" "0.17.18"
    "@esbuild/darwin-arm64" "0.17.18"
    "@esbuild/darwin-x64" "0.17.18"
    "@esbuild/freebsd-arm64" "0.17.18"
    "@esbuild/freebsd-x64" "0.17.18"
    "@esbuild/linux-arm" "0.17.18"
    "@esbuild/linux-arm64" "0.17.18"
    "@esbuild/linux-ia32" "0.17.18"
    "@esbuild/linux-loong64" "0.17.18"
    "@esbuild/linux-mips64el" "0.17.18"
    "@esbuild/linux-ppc64" "0.17.18"
    "@esbuild/linux-riscv64" "0.17.18"
    "@esbuild/linux-s390x" "0.17.18"
    "@esbuild/linux-x64" "0.17.18"
    "@esbuild/netbsd-x64" "0.17.18"
    "@esbuild/openbsd-x64" "0.17.18"
    "@esbuild/sunos-x64" "0.17.18"
    "@esbuild/win32-arm64" "0.17.18"
    "@esbuild/win32-ia32" "0.17.18"
    "@esbuild/win32-x64" "0.17.18"

estree-walker@^2.0.2:
  version "2.0.2"
  resolved "https://registry.yarnpkg.com/estree-walker/-/estree-walker-2.0.2.tgz#52f010178c2a4c117a7757cfe942adb7d2da4cac"
  integrity sha512-Rfkk/Mp/DL7JVje3u18FxFujQlTNR2q6QfMSMB7AvCBx91NGj/ba3kCfza0f6dVDbw7YlRf/nDrn7pQrCCyQ/w==

fsevents@~2.3.2:
  version "2.3.2"
  resolved "https://registry.yarnpkg.com/fsevents/-/fsevents-2.3.2.tgz#8a526f78b8fdf4623b709e0b975c52c24c02fd1a"
  integrity sha512-xiqMQR4xAeHTuB9uWm+fFRcIOgKBMiOBP+eXiyT7jsgVCq1bkVygt00oASowB7EdtpOHaaPgKt812P9ab+DDKA==

jsonc-parser@^3.2.0:
  version "3.2.0"
  resolved "https://registry.yarnpkg.com/jsonc-parser/-/jsonc-parser-3.2.0.tgz#31ff3f4c2b9793f89c67212627c51c6394f88e76"
  integrity sha512-gfFQZrcTc8CnKXp6Y4/CBT3fTc0OVuDofpre4aEeEpSBPV5X5v4+Vmx+8snU7RLPrNHPKSgLxGo9YuQzz20o+w==

magic-string@^0.25.7:
  version "0.25.9"
  resolved "https://registry.yarnpkg.com/magic-string/-/magic-string-0.25.9.tgz#de7f9faf91ef8a1c91d02c2e5314c8277dbcdd1c"
  integrity sha512-RmF0AsMzgt25qzqqLc1+MbHmhdx0ojF2Fvs4XnOqz2ZOBXzzkEwc/dJQZCYHAn7v1jbVOjAZfK8msRn4BxO4VQ==
  dependencies:
    sourcemap-codec "^1.4.8"

mark.js@8.11.1:
  version "8.11.1"
  resolved "https://registry.yarnpkg.com/mark.js/-/mark.js-8.11.1.tgz#180f1f9ebef8b0e638e4166ad52db879beb2ffc5"
  integrity sha512-1I+1qpDt4idfgLQG+BNWmrqku+7/2bi5nLf4YwF8y8zXvmfiTBY3PV3ZibfrjBueCByROpuBjLLFCajqkgYoLQ==

minisearch@^6.0.1:
  version "6.0.1"
  resolved "https://registry.yarnpkg.com/minisearch/-/minisearch-6.0.1.tgz#55e40135e7e6be60f1c1c2f5ee890c334e179a86"
  integrity sha512-Ly1w0nHKnlhAAh6/BF/+9NgzXfoJxaJ8nhopFhQ3NcvFJrFIL+iCg9gw9e9UMBD+XIsp/RyznJ/o5UIe5Kw+kg==

nanoid@^3.3.6:
  version "3.3.6"
  resolved "https://registry.yarnpkg.com/nanoid/-/nanoid-3.3.6.tgz#443380c856d6e9f9824267d960b4236ad583ea4c"
  integrity sha512-BGcqMMJuToF7i1rt+2PWSNVnWIkGCU78jBG3RxO/bZlnZPK2Cmi2QaffxGO/2RvWi9sL+FAiRiXMgsyxQ1DIDA==

picocolors@^1.0.0:
  version "1.0.0"
  resolved "https://registry.yarnpkg.com/picocolors/-/picocolors-1.0.0.tgz#cb5bdc74ff3f51892236eaf79d68bc44564ab81c"
  integrity sha512-1fygroTLlHu66zi26VoTDv8yRgm0Fccecssto+MhsZ0D/DGW2sm8E8AjW7NU5VVTRt5GxbeZ5qBuJr+HyLYkjQ==

postcss@^8.1.10, postcss@^8.4.23:
  version "8.4.23"
  resolved "https://registry.yarnpkg.com/postcss/-/postcss-8.4.23.tgz#df0aee9ac7c5e53e1075c24a3613496f9e6552ab"
  integrity sha512-bQ3qMcpF6A/YjR55xtoTr0jGOlnPOKAIMdOWiv0EIT6HVPEaJiJB4NLljSbiHoC2RX7DN5Uvjtpbg1NPdwv1oA==
  dependencies:
    nanoid "^3.3.6"
    picocolors "^1.0.0"
    source-map-js "^1.0.2"

preact@^10.0.0:
  version "10.13.2"
  resolved "https://registry.yarnpkg.com/preact/-/preact-10.13.2.tgz#2c40c73d57248b57234c4ae6cd9ab9d8186ebc0a"
  integrity sha512-q44QFLhOhty2Bd0Y46fnYW0gD/cbVM9dUVtNTDKPcdXSMA7jfY+Jpd6rk3GB0lcQss0z5s/6CmVP0Z/hV+g6pw==

rollup@^3.21.0:
  version "3.21.5"
  resolved "https://registry.yarnpkg.com/rollup/-/rollup-3.21.5.tgz#1fbae43dc1079497b04604707f1cf979e51bfe49"
  integrity sha512-a4NTKS4u9PusbUJcfF4IMxuqjFzjm6ifj76P54a7cKnvVzJaG12BLVR+hgU2YDGHzyMMQNxLAZWuALsn8q2oQg==
  optionalDependencies:
    fsevents "~2.3.2"

shiki@^0.14.2:
  version "0.14.2"
  resolved "https://registry.yarnpkg.com/shiki/-/shiki-0.14.2.tgz#d51440800b701392b31ce2336036058e338247a1"
  integrity sha512-ltSZlSLOuSY0M0Y75KA+ieRaZ0Trf5Wl3gutE7jzLuIcWxLp5i/uEnLoQWNvgKXQ5OMpGkJnVMRLAuzjc0LJ2A==
  dependencies:
    ansi-sequence-parser "^1.1.0"
    jsonc-parser "^3.2.0"
    vscode-oniguruma "^1.7.0"
    vscode-textmate "^8.0.0"

source-map-js@^1.0.2:
  version "1.0.2"
  resolved "https://registry.yarnpkg.com/source-map-js/-/source-map-js-1.0.2.tgz#adbc361d9c62df380125e7f161f71c826f1e490c"
  integrity sha512-R0XvVJ9WusLiqTCEiGCmICCMplcCkIwwR11mOSD9CR5u+IXYdiseeEuXCVAjS54zqwkLcPNnmU4OeJ6tUrWhDw==

source-map@^0.6.1:
  version "0.6.1"
  resolved "https://registry.yarnpkg.com/source-map/-/source-map-0.6.1.tgz#74722af32e9614e9c287a8d0bbde48b5e2f1a263"
  integrity sha512-UjgapumWlbMhkBgzT7Ykc5YXUT46F0iKu8SGXq0bcwP5dz/h0Plj6enJqjz1Zbq2l5WaqYnrVbwWOWMyF3F47g==

sourcemap-codec@^1.4.8:
  version "1.4.8"
  resolved "https://registry.yarnpkg.com/sourcemap-codec/-/sourcemap-codec-1.4.8.tgz#ea804bd94857402e6992d05a38ef1ae35a9ab4c4"
  integrity sha512-9NykojV5Uih4lgo5So5dtw+f0JgJX30KCNI8gwhz2J9A15wD0Ml6tjHKwf6fTSa6fAdVBdZeNOs9eJ71qCk8vA==

vite@^4.3.3:
  version "4.3.4"
  resolved "https://registry.yarnpkg.com/vite/-/vite-4.3.4.tgz#1c518d763d5a700d890c3a19ab59220f06e7a7d5"
  integrity sha512-f90aqGBoxSFxWph2b39ae2uHAxm5jFBBdnfueNxZAT1FTpM13ccFQExCaKbR2xFW5atowjleRniQ7onjJ22QEg==
  dependencies:
    esbuild "^0.17.5"
    postcss "^8.4.23"
    rollup "^3.21.0"
  optionalDependencies:
    fsevents "~2.3.2"

vitepress@^1.0.0-alpha.75:
  version "1.0.0-alpha.75"
  resolved "https://registry.yarnpkg.com/vitepress/-/vitepress-1.0.0-alpha.75.tgz#fbd03ef80b3877d41d0abd369560b7ea1124c017"
  integrity sha512-twpPZ/6UnDR8X0Nmj767KwKhXlTQQM9V/J1i2BP9ryO29/w4hpxBfEum6nvfpNhJ4H3h+cIhwzAK/e9crZ6HEQ==
  dependencies:
    "@docsearch/css" "^3.3.4"
    "@docsearch/js" "^3.3.4"
    "@vitejs/plugin-vue" "^4.2.1"
    "@vue/devtools-api" "^6.5.0"
    "@vueuse/core" "^10.1.0"
    body-scroll-lock "4.0.0-beta.0"
    mark.js "8.11.1"
    minisearch "^6.0.1"
    shiki "^0.14.2"
    vite "^4.3.3"
    vue "^3.2.47"

vscode-oniguruma@^1.7.0:
  version "1.7.0"
  resolved "https://registry.yarnpkg.com/vscode-oniguruma/-/vscode-oniguruma-1.7.0.tgz#439bfad8fe71abd7798338d1cd3dc53a8beea94b"
  integrity sha512-L9WMGRfrjOhgHSdOYgCt/yRMsXzLDJSL7BPrOZt73gU0iWO4mpqzqQzOz5srxqTvMBaR0XZTSrVWo4j55Rc6cA==

vscode-textmate@^8.0.0:
  version "8.0.0"
  resolved "https://registry.yarnpkg.com/vscode-textmate/-/vscode-textmate-8.0.0.tgz#2c7a3b1163ef0441097e0b5d6389cd5504b59e5d"
  integrity sha512-AFbieoL7a5LMqcnOF04ji+rpXadgOXnZsxQr//r83kLPr7biP7am3g9zbaZIaBGwBRWeSvoMD4mgPdX3e4NWBg==

vue-demi@>=0.14.0:
  version "0.14.0"
  resolved "https://registry.yarnpkg.com/vue-demi/-/vue-demi-0.14.0.tgz#dcfd9a9cf9bb62ada1582ec9042372cf67ca6190"
  integrity sha512-gt58r2ogsNQeVoQ3EhoUAvUsH9xviydl0dWJj7dabBC/2L4uBId7ujtCwDRD0JhkGsV1i0CtfLAeyYKBht9oWg==

vue@^3.2.47:
  version "3.2.47"
  resolved "https://registry.yarnpkg.com/vue/-/vue-3.2.47.tgz#3eb736cbc606fc87038dbba6a154707c8a34cff0"
  integrity sha512-60188y/9Dc9WVrAZeUVSDxRQOZ+z+y5nO2ts9jWXSTkMvayiWxCWOWtBQoYjLeccfXkiiPZWAHcV+WTPhkqJHQ==
  dependencies:
    "@vue/compiler-dom" "3.2.47"
    "@vue/compiler-sfc" "3.2.47"
    "@vue/runtime-dom" "3.2.47"
    "@vue/server-renderer" "3.2.47"
    "@vue/shared" "3.2.47"
